// !$*UTF8*$!
{
	archiveVersion = 1;
	classes = {
	};
	objectVersion = 50;
	objects = {

/* Begin PBXBuildFile section */
		F5BFAECA247C04E1005A5C82 /* AppDelegate.swift in Sources */ = {isa = PBXBuildFile; fileRef = F5BFAEC9247C04E1005A5C82 /* AppDelegate.swift */; };
		F5BFAECC247C04E1005A5C82 /* SceneDelegate.swift in Sources */ = {isa = PBXBuildFile; fileRef = F5BFAECB247C04E1005A5C82 /* SceneDelegate.swift */; };
		F5BFAECE247C04E1005A5C82 /* ContentView.swift in Sources */ = {isa = PBXBuildFile; fileRef = F5BFAECD247C04E1005A5C82 /* ContentView.swift */; };
		F5BFAED0247C04E7005A5C82 /* Assets.xcassets in Resources */ = {isa = PBXBuildFile; fileRef = F5BFAECF247C04E7005A5C82 /* Assets.xcassets */; };
		F5BFAED3247C04E7005A5C82 /* Preview Assets.xcassets in Resources */ = {isa = PBXBuildFile; fileRef = F5BFAED2247C04E7005A5C82 /* Preview Assets.xcassets */; };
		F5BFAED6247C04E7005A5C82 /* LaunchScreen.storyboard in Resources */ = {isa = PBXBuildFile; fileRef = F5BFAED4247C04E7005A5C82 /* LaunchScreen.storyboard */; };
/* End PBXBuildFile section */

/* Begin PBXFileReference section */
		F5BFAEC6247C04E1005A5C82 /* Hackafeed.app */ = {isa = PBXFileReference; explicitFileType = wrapper.application; includeInIndex = 0; path = Hackafeed.app; sourceTree = BUILT_PRODUCTS_DIR; };
		F5BFAEC9247C04E1005A5C82 /* AppDelegate.swift */ = {isa = PBXFileReference; lastKnownFileType = sourcecode.swift; path = AppDelegate.swift; sourceTree = "<group>"; };
		F5BFAECB247C04E1005A5C82 /* SceneDelegate.swift */ = {isa = PBXFileReference; lastKnownFileType = sourcecode.swift; path = SceneDelegate.swift; sourceTree = "<group>"; };
		F5BFAECD247C04E1005A5C82 /* ContentView.swift */ = {isa = PBXFileReference; lastKnownFileType = sourcecode.swift; path = ContentView.swift; sourceTree = "<group>"; };
		F5BFAECF247C04E7005A5C82 /* Assets.xcassets */ = {isa = PBXFileReference; lastKnownFileType = folder.assetcatalog; path = Assets.xcassets; sourceTree = "<group>"; };
		F5BFAED2247C04E7005A5C82 /* Preview Assets.xcassets */ = {isa = PBXFileReference; lastKnownFileType = folder.assetcatalog; path = "Preview Assets.xcassets"; sourceTree = "<group>"; };
		F5BFAED5247C04E7005A5C82 /* Base */ = {isa = PBXFileReference; lastKnownFileType = file.storyboard; name = Base; path = Base.lproj/LaunchScreen.storyboard; sourceTree = "<group>"; };
		F5BFAED7247C04E7005A5C82 /* Info.plist */ = {isa = PBXFileReference; lastKnownFileType = text.plist.xml; path = Info.plist; sourceTree = "<group>"; };
/* End PBXFileReference section */

/* Begin PBXFrameworksBuildPhase section */
		F5BFAEC3247C04E1005A5C82 /* Frameworks */ = {
			isa = PBXFrameworksBuildPhase;
			buildActionMask = 2147483647;
			files = (
			);
			runOnlyForDeploymentPostprocessing = 0;
		};
/* End PBXFrameworksBuildPhase section */

/* Begin PBXGroup section */
		F5BFAEBD247C04E1005A5C82 = {
			isa = PBXGroup;
			children = (
				F5BFAEC8247C04E1005A5C82 /* Hackafeed */,
				F5BFAEC7247C04E1005A5C82 /* Products */,
			);
			sourceTree = "<group>";
		};
		F5BFAEC7247C04E1005A5C82 /* Products */ = {
			isa = PBXGroup;
			children = (
				F5BFAEC6247C04E1005A5C82 /* Hackafeed.app */,
			);
			name = Products;
			sourceTree = "<group>";
		};
		F5BFAEC8247C04E1005A5C82 /* Hackafeed */ = {
			isa = PBXGroup;
			children = (
				F5BFAEC9247C04E1005A5C82 /* AppDelegate.swift */,
				F5BFAECB247C04E1005A5C82 /* SceneDelegate.swift */,
				F5BFAECD247C04E1005A5C82 /* ContentView.swift */,
				F5BFAECF247C04E7005A5C82 /* Assets.xcassets */,
				F5BFAED4247C04E7005A5C82 /* LaunchScreen.storyboard */,
				F5BFAED7247C04E7005A5C82 /* Info.plist */,
				F5BFAED1247C04E7005A5C82 /* Preview Content */,
			);
			path = Hackafeed;
			sourceTree = "<group>";
		};
		F5BFAED1247C04E7005A5C82 /* Preview Content */ = {
			isa = PBXGroup;
			children = (
				F5BFAED2247C04E7005A5C82 /* Preview Assets.xcassets */,
			);
			path = "Preview Content";
			sourceTree = "<group>";
		};
/* End PBXGroup section */

/* Begin PBXNativeTarget section */
		F5BFAEC5247C04E1005A5C82 /* Hackafeed */ = {
			isa = PBXNativeTarget;
			buildConfigurationList = F5BFAEDA247C04E7005A5C82 /* Build configuration list for PBXNativeTarget "Hackafeed" */;
			buildPhases = (
				F5BFAEC2247C04E1005A5C82 /* Sources */,
				F5BFAEC3247C04E1005A5C82 /* Frameworks */,
				F5BFAEC4247C04E1005A5C82 /* Resources */,
			);
			buildRules = (
			);
			dependencies = (
			);
			name = Hackafeed;
			productName = Hackafeed;
			productReference = F5BFAEC6247C04E1005A5C82 /* Hackafeed.app */;
			productType = "com.apple.product-type.application";
		};
/* End PBXNativeTarget section */

/* Begin PBXProject section */
		F5BFAEBE247C04E1005A5C82 /* Project object */ = {
			isa = PBXProject;
			attributes = {
				LastSwiftUpdateCheck = 1150;
				LastUpgradeCheck = 1150;
				ORGANIZATIONNAME = "Vladislav Nikitin";
				TargetAttributes = {
					F5BFAEC5247C04E1005A5C82 = {
						CreatedOnToolsVersion = 11.5;
					};
				};
			};
			buildConfigurationList = F5BFAEC1247C04E1005A5C82 /* Build configuration list for PBXProject "Hackafeed" */;
			compatibilityVersion = "Xcode 9.3";
			developmentRegion = en;
			hasScannedForEncodings = 0;
			knownRegions = (
				en,
				Base,
			);
			mainGroup = F5BFAEBD247C04E1005A5C82;
			productRefGroup = F5BFAEC7247C04E1005A5C82 /* Products */;
			projectDirPath = "";
			projectRoot = "";
			targets = (
				F5BFAEC5247C04E1005A5C82 /* Hackafeed */,
			);
		};
/* End PBXProject section */

/* Begin PBXResourcesBuildPhase section */
		F5BFAEC4247C04E1005A5C82 /* Resources */ = {
			isa = PBXResourcesBuildPhase;
			buildActionMask = 2147483647;
			files = (
				F5BFAED6247C04E7005A5C82 /* LaunchScreen.storyboard in Resources */,
				F5BFAED3247C04E7005A5C82 /* Preview Assets.xcassets in Resources */,
				F5BFAED0247C04E7005A5C82 /* Assets.xcassets in Resources */,
			);
			runOnlyForDeploymentPostprocessing = 0;
		};
/* End PBXResourcesBuildPhase section */

/* Begin PBXSourcesBuildPhase section */
		F5BFAEC2247C04E1005A5C82 /* Sources */ = {
			isa = PBXSourcesBuildPhase;
			buildActionMask = 2147483647;
			files = (
				F5BFAECA247C04E1005A5C82 /* AppDelegate.swift in Sources */,
				F5BFAECC247C04E1005A5C82 /* SceneDelegate.swift in Sources */,
				F5BFAECE247C04E1005A5C82 /* ContentView.swift in Sources */,
			);
			runOnlyForDeploymentPostprocessing = 0;
		};
/* End PBXSourcesBuildPhase section */

/* Begin PBXVariantGroup section */
		F5BFAED4247C04E7005A5C82 /* LaunchScreen.storyboard */ = {
			isa = PBXVariantGroup;
			children = (
				F5BFAED5247C04E7005A5C82 /* Base */,
			);
			name = LaunchScreen.storyboard;
			sourceTree = "<group>";
		};
/* End PBXVariantGroup section */

/* Begin XCBuildConfiguration section */
		F5BFAED8247C04E7005A5C82 /* Debug */ = {
			isa = XCBuildConfiguration;
			buildSettings = {
				ALWAYS_SEARCH_USER_PATHS = NO;
				CLANG_ANALYZER_NONNULL = YES;
				CLANG_ANALYZER_NUMBER_OBJECT_CONVERSION = YES_AGGRESSIVE;
				CLANG_CXX_LANGUAGE_STANDARD = "gnu++14";
				CLANG_CXX_LIBRARY = "libc++";
				CLANG_ENABLE_MODULES = YES;
				CLANG_ENABLE_OBJC_ARC = YES;
				CLANG_ENABLE_OBJC_WEAK = YES;
				CLANG_WARN_BLOCK_CAPTURE_AUTORELEASING = YES;
				CLANG_WARN_BOOL_CONVERSION = YES;
				CLANG_WARN_COMMA = YES;
				CLANG_WARN_CONSTANT_CONVERSION = YES;
				CLANG_WARN_DEPRECATED_OBJC_IMPLEMENTATIONS = YES;
				CLANG_WARN_DIRECT_OBJC_ISA_USAGE = YES_ERROR;
				CLANG_WARN_DOCUMENTATION_COMMENTS = YES;
				CLANG_WARN_EMPTY_BODY = YES;
				CLANG_WARN_ENUM_CONVERSION = YES;
				CLANG_WARN_INFINITE_RECURSION = YES;
				CLANG_WARN_INT_CONVERSION = YES;
				CLANG_WARN_NON_LITERAL_NULL_CONVERSION = YES;
				CLANG_WARN_OBJC_IMPLICIT_RETAIN_SELF = YES;
				CLANG_WARN_OBJC_LITERAL_CONVERSION = YES;
				CLANG_WARN_OBJC_ROOT_CLASS = YES_ERROR;
				CLANG_WARN_RANGE_LOOP_ANALYSIS = YES;
				CLANG_WARN_STRICT_PROTOTYPES = YES;
				CLANG_WARN_SUSPICIOUS_MOVE = YES;
				CLANG_WARN_UNGUARDED_AVAILABILITY = YES_AGGRESSIVE;
				CLANG_WARN_UNREACHABLE_CODE = YES;
				CLANG_WARN__DUPLICATE_METHOD_MATCH = YES;
				COPY_PHASE_STRIP = NO;
				DEBUG_INFORMATION_FORMAT = dwarf;
				ENABLE_STRICT_OBJC_MSGSEND = YES;
				ENABLE_TESTABILITY = YES;
				GCC_C_LANGUAGE_STANDARD = gnu11;
				GCC_DYNAMIC_NO_PIC = NO;
				GCC_NO_COMMON_BLOCKS = YES;
				GCC_OPTIMIZATION_LEVEL = 0;
				GCC_PREPROCESSOR_DEFINITIONS = (
					"DEBUG=1",
					"$(inherited)",
				);
				GCC_WARN_64_TO_32_BIT_CONVERSION = YES;
				GCC_WARN_ABOUT_RETURN_TYPE = YES_ERROR;
				GCC_WARN_UNDECLARED_SELECTOR = YES;
				GCC_WARN_UNINITIALIZED_AUTOS = YES_AGGRESSIVE;
				GCC_WARN_UNUSED_FUNCTION = YES;
				GCC_WARN_UNUSED_VARIABLE = YES;
				IPHONEOS_DEPLOYMENT_TARGET = 13.5;
				MTL_ENABLE_DEBUG_INFO = INCLUDE_SOURCE;
				MTL_FAST_MATH = YES;
				ONLY_ACTIVE_ARCH = YES;
				SDKROOT = iphoneos;
				SWIFT_ACTIVE_COMPILATION_CONDITIONS = DEBUG;
				SWIFT_OPTIMIZATION_LEVEL = "-Onone";
			};
			name = Debug;
		};
		F5BFAED9247C04E7005A5C82 /* Release */ = {
			isa = XCBuildConfiguration;
			buildSettings = {
				ALWAYS_SEARCH_USER_PATHS = NO;
				CLANG_ANALYZER_NONNULL = YES;
				CLANG_ANALYZER_NUMBER_OBJECT_CONVERSION = YES_AGGRESSIVE;
				CLANG_CXX_LANGUAGE_STANDARD = "gnu++14";
				CLANG_CXX_LIBRARY = "libc++";
				CLANG_ENABLE_MODULES = YES;
				CLANG_ENABLE_OBJC_ARC = YES;
				CLANG_ENABLE_OBJC_WEAK = YES;
				CLANG_WARN_BLOCK_CAPTURE_AUTORELEASING = YES;
				CLANG_WARN_BOOL_CONVERSION = YES;
				CLANG_WARN_COMMA = YES;
				CLANG_WARN_CONSTANT_CONVERSION = YES;
				CLANG_WARN_DEPRECATED_OBJC_IMPLEMENTATIONS = YES;
				CLANG_WARN_DIRECT_OBJC_ISA_USAGE = YES_ERROR;
				CLANG_WARN_DOCUMENTATION_COMMENTS = YES;
				CLANG_WARN_EMPTY_BODY = YES;
				CLANG_WARN_ENUM_CONVERSION = YES;
				CLANG_WARN_INFINITE_RECURSION = YES;
				CLANG_WARN_INT_CONVERSION = YES;
				CLANG_WARN_NON_LITERAL_NULL_CONVERSION = YES;
				CLANG_WARN_OBJC_IMPLICIT_RETAIN_SELF = YES;
				CLANG_WARN_OBJC_LITERAL_CONVERSION = YES;
				CLANG_WARN_OBJC_ROOT_CLASS = YES_ERROR;
				CLANG_WARN_RANGE_LOOP_ANALYSIS = YES;
				CLANG_WARN_STRICT_PROTOTYPES = YES;
				CLANG_WARN_SUSPICIOUS_MOVE = YES;
				CLANG_WARN_UNGUARDED_AVAILABILITY = YES_AGGRESSIVE;
				CLANG_WARN_UNREACHABLE_CODE = YES;
				CLANG_WARN__DUPLICATE_METHOD_MATCH = YES;
				COPY_PHASE_STRIP = NO;
				DEBUG_INFORMATION_FORMAT = "dwarf-with-dsym";
				ENABLE_NS_ASSERTIONS = NO;
				ENABLE_STRICT_OBJC_MSGSEND = YES;
				GCC_C_LANGUAGE_STANDARD = gnu11;
				GCC_NO_COMMON_BLOCKS = YES;
				GCC_WARN_64_TO_32_BIT_CONVERSION = YES;
				GCC_WARN_ABOUT_RETURN_TYPE = YES_ERROR;
				GCC_WARN_UNDECLARED_SELECTOR = YES;
				GCC_WARN_UNINITIALIZED_AUTOS = YES_AGGRESSIVE;
				GCC_WARN_UNUSED_FUNCTION = YES;
				GCC_WARN_UNUSED_VARIABLE = YES;
				IPHONEOS_DEPLOYMENT_TARGET = 13.5;
				MTL_ENABLE_DEBUG_INFO = NO;
				MTL_FAST_MATH = YES;
				SDKROOT = iphoneos;
				SWIFT_COMPILATION_MODE = wholemodule;
				SWIFT_OPTIMIZATION_LEVEL = "-O";
				VALIDATE_PRODUCT = YES;
			};
			name = Release;
		};
		F5BFAEDB247C04E7005A5C82 /* Debug */ = {
			isa = XCBuildConfiguration;
			buildSettings = {
				ASSETCATALOG_COMPILER_APPICON_NAME = AppIcon;
				CODE_SIGN_STYLE = Automatic;
				DEVELOPMENT_ASSET_PATHS = "\"Hackafeed/Preview Content\"";
				DEVELOPMENT_TEAM = MTPU94X3X3;
				ENABLE_PREVIEWS = YES;
				INFOPLIST_FILE = Hackafeed/Info.plist;
				LD_RUNPATH_SEARCH_PATHS = (
					"$(inherited)",
					"@executable_path/Frameworks",
				);
				PRODUCT_BUNDLE_IDENTIFIER = "com.nikitinv91-gmail.Hackafeed";
				PRODUCT_NAME = "$(TARGET_NAME)";
				SWIFT_VERSION = 5.0;
				TARGETED_DEVICE_FAMILY = "1,2";
			};
			name = Debug;
		};
		F5BFAEDC247C04E7005A5C82 /* Release */ = {
			isa = XCBuildConfiguration;
			buildSettings = {
				ASSETCATALOG_COMPILER_APPICON_NAME = AppIcon;
				CODE_SIGN_STYLE = Automatic;
				DEVELOPMENT_ASSET_PATHS = "\"Hackafeed/Preview Content\"";
				DEVELOPMENT_TEAM = MTPU94X3X3;
				ENABLE_PREVIEWS = YES;
				INFOPLIST_FILE = Hackafeed/Info.plist;
				LD_RUNPATH_SEARCH_PATHS = (
					"$(inherited)",
					"@executable_path/Frameworks",
				);
				PRODUCT_BUNDLE_IDENTIFIER = "com.nikitinv91-gmail.Hackafeed";
				PRODUCT_NAME = "$(TARGET_NAME)";
				SWIFT_VERSION = 5.0;
				TARGETED_DEVICE_FAMILY = "1,2";
			};
			name = Release;
		};
/* End XCBuildConfiguration section */

/* Begin XCConfigurationList section */
		F5BFAEC1247C04E1005A5C82 /* Build configuration list for PBXProject "Hackafeed" */ = {
			isa = XCConfigurationList;
			buildConfigurations = (
				F5BFAED8247C04E7005A5C82 /* Debug */,
				F5BFAED9247C04E7005A5C82 /* Release */,
			);
			defaultConfigurationIsVisible = 0;
			defaultConfigurationName = Release;
		};
		F5BFAEDA247C04E7005A5C82 /* Build configuration list for PBXNativeTarget "Hackafeed" */ = {
			isa = XCConfigurationList;
			buildConfigurations = (
				F5BFAEDB247C04E7005A5C82 /* Debug */,
				F5BFAEDC247C04E7005A5C82 /* Release */,
			);
			defaultConfigurationIsVisible = 0;
			defaultConfigurationName = Release;
		};
/* End XCConfigurationList section */
	};
	rootObject = F5BFAEBE247C04E1005A5C82 /* Project object */;
}
